
Microsoft Visual Studio Solution File, Format Version 12.00
# Visual Studio 15
VisualStudioVersion = 15.0.27428.2011
MinimumVisualStudioVersion = 10.0.40219.1
Project("{FAE04EC0-301F-11D3-BF4B-00C04F79EFBC}") = "Data", "Data\Data.csproj", "{EC33BA78-325F-4B62-A23E-8349A6FC51E2}"
EndProject
Project("{FAE04EC0-301F-11D3-BF4B-00C04F79EFBC}") = "Migrations", "Migrations\Migrations.csproj", "{65913BC7-CD48-4B7D-BB12-5921BE9B1361}"
EndProject
Global
	GlobalSection(SolutionConfigurationPlatforms) = preSolution
		Debug|Any CPU = Debug|Any CPU
		Release|Any CPU = Release|Any CPU
	EndGlobalSection
	GlobalSection(ProjectConfigurationPlatforms) = postSolution
		{EC33BA78-325F-4B62-A23E-8349A6FC51E2}.Debug|Any CPU.ActiveCfg = Debug|Any CPU
		{EC33BA78-325F-4B62-A23E-8349A6FC51E2}.Debug|Any CPU.Build.0 = Debug|Any CPU
		{EC33BA78-325F-4B62-A23E-8349A6FC51E2}.Release|Any CPU.ActiveCfg = Release|Any CPU
		{EC33BA78-325F-4B62-A23E-8349A6FC51E2}.Release|Any CPU.Build.0 = Release|Any CPU
		{65913BC7-CD48-4B7D-BB12-5921BE9B1361}.Debug|Any CPU.ActiveCfg = Debug|Any CPU
		{65913BC7-CD48-4B7D-BB12-5921BE9B1361}.Debug|Any CPU.Build.0 = Debug|Any CPU
		{65913BC7-CD48-4B7D-BB12-5921BE9B1361}.Release|Any CPU.ActiveCfg = Release|Any CPU
		{65913BC7-CD48-4B7D-BB12-5921BE9B1361}.Release|Any CPU.Build.0 = Release|Any CPU
	EndGlobalSection
	GlobalSection(SolutionProperties) = preSolution
		HideSolutionNode = FALSE
	EndGlobalSection
	GlobalSection(ExtensibilityGlobals) = postSolution
		SolutionGuid = {94558D08-748F-46E1-B22A-6192E56C7114}
	EndGlobalSection
EndGlobal
